
Microsoft Visual Studio Solution File, Format Version 12.00
# Visual Studio Version 17
VisualStudioVersion = 17.14.36623.8 d17.14
MinimumVisualStudioVersion = 10.0.40219.1
Project("{FAE04EC0-301F-11D3-BF4B-00C04F79EFBC}") = "Task 1", "Task 1\Task 1.csproj", "{D341F96E-2B85-447C-8158-F6130F6654E8}"
EndProject
Project("{FAE04EC0-301F-11D3-BF4B-00C04F79EFBC}") = "Task 2", "Task 2\Task 2.csproj", "{F42C251A-F5E6-4507-9BD9-835B6EB16E9B}"
EndProject
Project("{FAE04EC0-301F-11D3-BF4B-00C04F79EFBC}") = "Task 3", "Task 3\Task 3.csproj", "{A889AAA0-6852-4CBD-9CD2-B7A4E565C6A6}"
EndProject
Global
	GlobalSection(SolutionConfigurationPlatforms) = preSolution
		Debug|Any CPU = Debug|Any CPU
		Release|Any CPU = Release|Any CPU
	EndGlobalSection
	GlobalSection(ProjectConfigurationPlatforms) = postSolution
		{D341F96E-2B85-447C-8158-F6130F6654E8}.Debug|Any CPU.ActiveCfg = Debug|Any CPU
		{D341F96E-2B85-447C-8158-F6130F6654E8}.Debug|Any CPU.Build.0 = Debug|Any CPU
		{D341F96E-2B85-447C-8158-F6130F6654E8}.Release|Any CPU.ActiveCfg = Release|Any CPU
		{D341F96E-2B85-447C-8158-F6130F6654E8}.Release|Any CPU.Build.0 = Release|Any CPU
		{F42C251A-F5E6-4507-9BD9-835B6EB16E9B}.Debug|Any CPU.ActiveCfg = Debug|Any CPU
		{F42C251A-F5E6-4507-9BD9-835B6EB16E9B}.Debug|Any CPU.Build.0 = Debug|Any CPU
		{F42C251A-F5E6-4507-9BD9-835B6EB16E9B}.Release|Any CPU.ActiveCfg = Release|Any CPU
		{F42C251A-F5E6-4507-9BD9-835B6EB16E9B}.Release|Any CPU.Build.0 = Release|Any CPU
		{A889AAA0-6852-4CBD-9CD2-B7A4E565C6A6}.Debug|Any CPU.ActiveCfg = Debug|Any CPU
		{A889AAA0-6852-4CBD-9CD2-B7A4E565C6A6}.Debug|Any CPU.Build.0 = Debug|Any CPU
		{A889AAA0-6852-4CBD-9CD2-B7A4E565C6A6}.Release|Any CPU.ActiveCfg = Release|Any CPU
		{A889AAA0-6852-4CBD-9CD2-B7A4E565C6A6}.Release|Any CPU.Build.0 = Release|Any CPU
	EndGlobalSection
	GlobalSection(SolutionProperties) = preSolution
		HideSolutionNode = FALSE
	EndGlobalSection
	GlobalSection(ExtensibilityGlobals) = postSolution
		SolutionGuid = {A63B63AB-54EA-4288-A9B7-7A688EEF7C0A}
	EndGlobalSection
EndGlobal
